PODS:
  - SDWebImage (5.15.0):
    - SDWebImage/Core (= 5.15.0)
  - SDWebImage/Core (5.15.0)

DEPENDENCIES:
  - SDWebImage

SPEC REPOS:
  trunk:
    - SDWebImage

SPEC CHECKSUMS:
  SDWebImage: 9bec4c5cdd9579e1f57104735ee0c37df274d593

PODFILE CHECKSUM: 32053c39ddba6d8b7080c429a8bf00ccef722100

COCOAPODS: 1.8.4
